
Microsoft Visual Studio Solution File, Format Version 12.00
# Visual Studio 15
VisualStudioVersion = 15.0.26430.16
MinimumVisualStudioVersion = 10.0.40219.1
Project("{9A19103F-16F7-4668-BE54-9A1E7A4F7556}") = "01.MatrixOfPalindromes", "01.MatrixOfPalindromes\01.MatrixOfPalindromes.csproj", "{05A8281C-DF9F-45FA-A6D4-5C9E36C4EE75}"
EndProject
Project("{9A19103F-16F7-4668-BE54-9A1E7A4F7556}") = "02.DiagonalDifference", "02.DiagonalDifference\02.DiagonalDifference.csproj", "{F44F1C1A-A395-42A7-AF2B-005E83697B41}"
EndProject
Project("{9A19103F-16F7-4668-BE54-9A1E7A4F7556}") = "03.SquaresInMatrix", "03.SquaresInMatrix\03.SquaresInMatrix.csproj", "{6744EAB3-E226-4772-B4E7-9B3ABD4AC6D9}"
EndProject
Project("{9A19103F-16F7-4668-BE54-9A1E7A4F7556}") = "04.MaximalSum", "04.MaximalSum\04.MaximalSum.csproj", "{1EEF752D-5C57-4CAE-863B-A66F94885F39}"
EndProject
Project("{9A19103F-16F7-4668-BE54-9A1E7A4F7556}") = "05.RubiksMatrix", "05.RubiksMatrix\05.RubiksMatrix.csproj", "{AED0A3AE-1CB1-42BB-B600-8CB26BE09B52}"
EndProject
Project("{9A19103F-16F7-4668-BE54-9A1E7A4F7556}") = "06.TargetPractice", "06.TargetPractice\06.TargetPractice.csproj", "{BCC26A50-890D-453D-9AB6-8F1B927876B8}"
EndProject
Project("{9A19103F-16F7-4668-BE54-9A1E7A4F7556}") = "07.LegoBlocks", "07.LegoBlocks\07.LegoBlocks.csproj", "{307DCCCB-3248-4543-98AA-B47D2B64717C}"
EndProject
Project("{9A19103F-16F7-4668-BE54-9A1E7A4F7556}") = "08.RadioactiveBunnies", "08.RadioactiveBunnies\08.RadioactiveBunnies.csproj", "{A8E07248-8BB6-43E2-B175-0A67CD0EBD72}"
EndProject
Project("{FAE04EC0-301F-11D3-BF4B-00C04F79EFBC}") = "09.Crossfire", "09.Crossfire\09.Crossfire.csproj", "{18B3C335-8154-4F36-890A-E239E9B581DE}"
EndProject
Global
	GlobalSection(SolutionConfigurationPlatforms) = preSolution
		Debug|Any CPU = Debug|Any CPU
		Release|Any CPU = Release|Any CPU
	EndGlobalSection
	GlobalSection(ProjectConfigurationPlatforms) = postSolution
		{05A8281C-DF9F-45FA-A6D4-5C9E36C4EE75}.Debug|Any CPU.ActiveCfg = Debug|Any CPU
		{05A8281C-DF9F-45FA-A6D4-5C9E36C4EE75}.Debug|Any CPU.Build.0 = Debug|Any CPU
		{05A8281C-DF9F-45FA-A6D4-5C9E36C4EE75}.Release|Any CPU.ActiveCfg = Release|Any CPU
		{05A8281C-DF9F-45FA-A6D4-5C9E36C4EE75}.Release|Any CPU.Build.0 = Release|Any CPU
		{F44F1C1A-A395-42A7-AF2B-005E83697B41}.Debug|Any CPU.ActiveCfg = Debug|Any CPU
		{F44F1C1A-A395-42A7-AF2B-005E83697B41}.Debug|Any CPU.Build.0 = Debug|Any CPU
		{F44F1C1A-A395-42A7-AF2B-005E83697B41}.Release|Any CPU.ActiveCfg = Release|Any CPU
		{F44F1C1A-A395-42A7-AF2B-005E83697B41}.Release|Any CPU.Build.0 = Release|Any CPU
		{6744EAB3-E226-4772-B4E7-9B3ABD4AC6D9}.Debug|Any CPU.ActiveCfg = Debug|Any CPU
		{6744EAB3-E226-4772-B4E7-9B3ABD4AC6D9}.Debug|Any CPU.Build.0 = Debug|Any CPU
		{6744EAB3-E226-4772-B4E7-9B3ABD4AC6D9}.Release|Any CPU.ActiveCfg = Release|Any CPU
		{6744EAB3-E226-4772-B4E7-9B3ABD4AC6D9}.Release|Any CPU.Build.0 = Release|Any CPU
		{1EEF752D-5C57-4CAE-863B-A66F94885F39}.Debug|Any CPU.ActiveCfg = Debug|Any CPU
		{1EEF752D-5C57-4CAE-863B-A66F94885F39}.Debug|Any CPU.Build.0 = Debug|Any CPU
		{1EEF752D-5C57-4CAE-863B-A66F94885F39}.Release|Any CPU.ActiveCfg = Release|Any CPU
		{1EEF752D-5C57-4CAE-863B-A66F94885F39}.Release|Any CPU.Build.0 = Release|Any CPU
		{AED0A3AE-1CB1-42BB-B600-8CB26BE09B52}.Debug|Any CPU.ActiveCfg = Debug|Any CPU
		{AED0A3AE-1CB1-42BB-B600-8CB26BE09B52}.Debug|Any CPU.Build.0 = Debug|Any CPU
		{AED0A3AE-1CB1-42BB-B600-8CB26BE09B52}.Release|Any CPU.ActiveCfg = Release|Any CPU
		{AED0A3AE-1CB1-42BB-B600-8CB26BE09B52}.Release|Any CPU.Build.0 = Release|Any CPU
		{BCC26A50-890D-453D-9AB6-8F1B927876B8}.Debug|Any CPU.ActiveCfg = Debug|Any CPU
		{BCC26A50-890D-453D-9AB6-8F1B927876B8}.Debug|Any CPU.Build.0 = Debug|Any CPU
		{BCC26A50-890D-453D-9AB6-8F1B927876B8}.Release|Any CPU.ActiveCfg = Release|Any CPU
		{BCC26A50-890D-453D-9AB6-8F1B927876B8}.Release|Any CPU.Build.0 = Release|Any CPU
		{307DCCCB-3248-4543-98AA-B47D2B64717C}.Debug|Any CPU.ActiveCfg = Debug|Any CPU
		{307DCCCB-3248-4543-98AA-B47D2B64717C}.Debug|Any CPU.Build.0 = Debug|Any CPU
		{307DCCCB-3248-4543-98AA-B47D2B64717C}.Release|Any CPU.ActiveCfg = Release|Any CPU
		{307DCCCB-3248-4543-98AA-B47D2B64717C}.Release|Any CPU.Build.0 = Release|Any CPU
		{A8E07248-8BB6-43E2-B175-0A67CD0EBD72}.Debug|Any CPU.ActiveCfg = Debug|Any CPU
		{A8E07248-8BB6-43E2-B175-0A67CD0EBD72}.Debug|Any CPU.Build.0 = Debug|Any CPU
		{A8E07248-8BB6-43E2-B175-0A67CD0EBD72}.Release|Any CPU.ActiveCfg = Release|Any CPU
		{A8E07248-8BB6-43E2-B175-0A67CD0EBD72}.Release|Any CPU.Build.0 = Release|Any CPU
		{18B3C335-8154-4F36-890A-E239E9B581DE}.Debug|Any CPU.ActiveCfg = Debug|Any CPU
		{18B3C335-8154-4F36-890A-E239E9B581DE}.Debug|Any CPU.Build.0 = Debug|Any CPU
		{18B3C335-8154-4F36-890A-E239E9B581DE}.Release|Any CPU.ActiveCfg = Release|Any CPU
		{18B3C335-8154-4F36-890A-E239E9B581DE}.Release|Any CPU.Build.0 = Release|Any CPU
	EndGlobalSection
	GlobalSection(SolutionProperties) = preSolution
		HideSolutionNode = FALSE
	EndGlobalSection
EndGlobal
